// !$*UTF8*$!
{
	archiveVersion = 1;
	classes = {
	};
	objectVersion = 48;
	objects = {

/* Begin PBXBuildFile section */
		9C1B291B1F7E6BC500B99850 /* Storyboards.swift in Sources */ = {isa = PBXBuildFile; fileRef = 9C1B291A1F7E6BC500B99850 /* Storyboards.swift */; };
		9C1B291E1F7E6D5700B99850 /* Localizable.strings in Resources */ = {isa = PBXBuildFile; fileRef = 9C1B29201F7E6D5700B99850 /* Localizable.strings */; };
		9C1B29241F7E6EDE00B99850 /* Localizable.swift in Sources */ = {isa = PBXBuildFile; fileRef = 9C1B29231F7E6EDE00B99850 /* Localizable.swift */; };
		9C1B29301F7E7B4300B99850 /* RxBlocking.framework in Frameworks */ = {isa = PBXBuildFile; fileRef = 9C1B292D1F7E7B4300B99850 /* RxBlocking.framework */; };
		9C1B29311F7E7B4300B99850 /* RxCocoa.framework in Frameworks */ = {isa = PBXBuildFile; fileRef = 9C1B292E1F7E7B4300B99850 /* RxCocoa.framework */; };
		9C1B29321F7E7B4300B99850 /* RxSwift.framework in Frameworks */ = {isa = PBXBuildFile; fileRef = 9C1B292F1F7E7B4300B99850 /* RxSwift.framework */; };
		9C99BEE01F7FC3AD00F0F7C6 /* Alamofire.framework in Frameworks */ = {isa = PBXBuildFile; fileRef = 9C99BEDF1F7FC3AD00F0F7C6 /* Alamofire.framework */; };
		9C99BEE31F7FC46D00F0F7C6 /* UserPlaylistList.swift in Sources */ = {isa = PBXBuildFile; fileRef = 9C99BEE21F7FC46D00F0F7C6 /* UserPlaylistList.swift */; };
		9C99BEE81F7FCC3300F0F7C6 /* UserPlaylistsFetcher.swift in Sources */ = {isa = PBXBuildFile; fileRef = 9C99BEE71F7FCC3300F0F7C6 /* UserPlaylistsFetcher.swift */; };
		9C99BEEA1F7FD1A700F0F7C6 /* SwiftyJSON.framework in Frameworks */ = {isa = PBXBuildFile; fileRef = 9C99BEE91F7FD1A700F0F7C6 /* SwiftyJSON.framework */; };
		9C99BEED1F7FDAF200F0F7C6 /* UserPlaylistsViewModel.swift in Sources */ = {isa = PBXBuildFile; fileRef = 9C99BEEC1F7FDAF200F0F7C6 /* UserPlaylistsViewModel.swift */; };
		9CA639D91F7FE820001CD835 /* PlaylistListViewController.swift in Sources */ = {isa = PBXBuildFile; fileRef = 9CA639D81F7FE820001CD835 /* PlaylistListViewController.swift */; };
		9CA639DD1F7FE8C7001CD835 /* PlaylistCollectionViewCell.swift in Sources */ = {isa = PBXBuildFile; fileRef = 9CA639DC1F7FE8C7001CD835 /* PlaylistCollectionViewCell.swift */; };
		9CA639DF1F7FE9AD001CD835 /* Reusable.framework in Frameworks */ = {isa = PBXBuildFile; fileRef = 9CA639DE1F7FE9AD001CD835 /* Reusable.framework */; };
		9CA639E11F7FF839001CD835 /* PlaylistTrackListFetcher.swift in Sources */ = {isa = PBXBuildFile; fileRef = 9CA639E01F7FF839001CD835 /* PlaylistTrackListFetcher.swift */; };
		9CA639E61F801018001CD835 /* PlaylistTrackList.swift in Sources */ = {isa = PBXBuildFile; fileRef = 9CA639E51F801018001CD835 /* PlaylistTrackList.swift */; };
		9CA639E81F801262001CD835 /* PlaylistTrackListViewModel.swift in Sources */ = {isa = PBXBuildFile; fileRef = 9CA639E71F801262001CD835 /* PlaylistTrackListViewModel.swift */; };
		9CA639EA1F80152F001CD835 /* TrackTableViewCell.swift in Sources */ = {isa = PBXBuildFile; fileRef = 9CA639E91F80152F001CD835 /* TrackTableViewCell.swift */; };
		9CA639EC1F801627001CD835 /* PlaylistViewController.swift in Sources */ = {isa = PBXBuildFile; fileRef = 9CA639EB1F801627001CD835 /* PlaylistViewController.swift */; };
		9CA639F11F80D3AA001CD835 /* URLImageFetcher.swift in Sources */ = {isa = PBXBuildFile; fileRef = 9CA639F01F80D3AA001CD835 /* URLImageFetcher.swift */; };
		9CA639F41F80DD97001CD835 /* Constants.swift in Sources */ = {isa = PBXBuildFile; fileRef = 9CA639F31F80DD97001CD835 /* Constants.swift */; };
		9CA639F71F80E001001CD835 /* FixedColumnsLayout.swift in Sources */ = {isa = PBXBuildFile; fileRef = 9CA639F61F80E001001CD835 /* FixedColumnsLayout.swift */; };
		9CF28F4F1F7E371E0006A957 /* AppDelegate.swift in Sources */ = {isa = PBXBuildFile; fileRef = 9CF28F4E1F7E371E0006A957 /* AppDelegate.swift */; };
		9CF28F541F7E371E0006A957 /* Main.storyboard in Resources */ = {isa = PBXBuildFile; fileRef = 9CF28F521F7E371E0006A957 /* Main.storyboard */; };
		9CF28F561F7E371E0006A957 /* Assets.xcassets in Resources */ = {isa = PBXBuildFile; fileRef = 9CF28F551F7E371E0006A957 /* Assets.xcassets */; };
		9CF28F591F7E371E0006A957 /* LaunchScreen.storyboard in Resources */ = {isa = PBXBuildFile; fileRef = 9CF28F571F7E371E0006A957 /* LaunchScreen.storyboard */; };
		9CF28F7B1F7E42F90006A957 /* BetTestTests.swift in Sources */ = {isa = PBXBuildFile; fileRef = 9CF28F7A1F7E42F90006A957 /* BetTestTests.swift */; };
/* End PBXBuildFile section */

/* Begin PBXContainerItemProxy section */
		9CF28F601F7E371E0006A957 /* PBXContainerItemProxy */ = {
			isa = PBXContainerItemProxy;
			containerPortal = 9CF28F431F7E371E0006A957 /* Project object */;
			proxyType = 1;
			remoteGlobalIDString = 9CF28F4A1F7E371E0006A957;
			remoteInfo = BetTest;
		};
/* End PBXContainerItemProxy section */

/* Begin PBXFileReference section */
		9C1B291A1F7E6BC500B99850 /* Storyboards.swift */ = {isa = PBXFileReference; fileEncoding = 4; lastKnownFileType = sourcecode.swift; path = Storyboards.swift; sourceTree = "<group>"; };
		9C1B29211F7E6D6600B99850 /* fr */ = {isa = PBXFileReference; lastKnownFileType = text.plist.strings; name = fr; path = fr.lproj/Localizable.strings; sourceTree = "<group>"; };
		9C1B29221F7E6E3100B99850 /* Base */ = {isa = PBXFileReference; lastKnownFileType = text.plist.strings; name = Base; path = Base.lproj/Localizable.strings; sourceTree = "<group>"; };
		9C1B29231F7E6EDE00B99850 /* Localizable.swift */ = {isa = PBXFileReference; fileEncoding = 4; lastKnownFileType = sourcecode.swift; path = Localizable.swift; sourceTree = "<group>"; };
		9C1B292D1F7E7B4300B99850 /* RxBlocking.framework */ = {isa = PBXFileReference; lastKnownFileType = wrapper.framework; name = RxBlocking.framework; path = Frameworks/RxBlocking.framework; sourceTree = "<group>"; };
		9C1B292E1F7E7B4300B99850 /* RxCocoa.framework */ = {isa = PBXFileReference; lastKnownFileType = wrapper.framework; name = RxCocoa.framework; path = Frameworks/RxCocoa.framework; sourceTree = "<group>"; };
		9C1B292F1F7E7B4300B99850 /* RxSwift.framework */ = {isa = PBXFileReference; lastKnownFileType = wrapper.framework; name = RxSwift.framework; path = Frameworks/RxSwift.framework; sourceTree = "<group>"; };
		9C99BEDF1F7FC3AD00F0F7C6 /* Alamofire.framework */ = {isa = PBXFileReference; lastKnownFileType = wrapper.framework; name = Alamofire.framework; path = ../dependencies/Carthage/Build/iOS/Alamofire.framework; sourceTree = "<group>"; };
		9C99BEE21F7FC46D00F0F7C6 /* UserPlaylistList.swift */ = {isa = PBXFileReference; fileEncoding = 4; lastKnownFileType = sourcecode.swift; name = UserPlaylistList.swift; path = Models/UserPlaylistList.swift; sourceTree = "<group>"; };
		9C99BEE71F7FCC3300F0F7C6 /* UserPlaylistsFetcher.swift */ = {isa = PBXFileReference; fileEncoding = 4; lastKnownFileType = sourcecode.swift; name = UserPlaylistsFetcher.swift; path = Fetchers/UserPlaylistsFetcher.swift; sourceTree = "<group>"; };
		9C99BEE91F7FD1A700F0F7C6 /* SwiftyJSON.framework */ = {isa = PBXFileReference; lastKnownFileType = wrapper.framework; name = SwiftyJSON.framework; path = ../dependencies/Carthage/Build/iOS/SwiftyJSON.framework; sourceTree = "<group>"; };
		9C99BEEC1F7FDAF200F0F7C6 /* UserPlaylistsViewModel.swift */ = {isa = PBXFileReference; fileEncoding = 4; lastKnownFileType = sourcecode.swift; name = UserPlaylistsViewModel.swift; path = "View Models/UserPlaylistsViewModel.swift"; sourceTree = "<group>"; };
		9CA639D81F7FE820001CD835 /* PlaylistListViewController.swift */ = {isa = PBXFileReference; fileEncoding = 4; lastKnownFileType = sourcecode.swift; name = PlaylistListViewController.swift; path = "BetTest/View Controllers/Playlist list/PlaylistListViewController.swift"; sourceTree = SOURCE_ROOT; };
		9CA639DC1F7FE8C7001CD835 /* PlaylistCollectionViewCell.swift */ = {isa = PBXFileReference; fileEncoding = 4; lastKnownFileType = sourcecode.swift; name = PlaylistCollectionViewCell.swift; path = Views/Cells/PlaylistCollectionViewCell.swift; sourceTree = "<group>"; };
		9CA639DE1F7FE9AD001CD835 /* Reusable.framework */ = {isa = PBXFileReference; lastKnownFileType = wrapper.framework; name = Reusable.framework; path = ../dependencies/Carthage/Build/iOS/Reusable.framework; sourceTree = "<group>"; };
		9CA639E01F7FF839001CD835 /* PlaylistTrackListFetcher.swift */ = {isa = PBXFileReference; fileEncoding = 4; lastKnownFileType = sourcecode.swift; name = PlaylistTrackListFetcher.swift; path = Fetchers/PlaylistTrackListFetcher.swift; sourceTree = "<group>"; };
		9CA639E51F801018001CD835 /* PlaylistTrackList.swift */ = {isa = PBXFileReference; fileEncoding = 4; lastKnownFileType = sourcecode.swift; name = PlaylistTrackList.swift; path = Models/PlaylistTrackList.swift; sourceTree = "<group>"; };
		9CA639E71F801262001CD835 /* PlaylistTrackListViewModel.swift */ = {isa = PBXFileReference; fileEncoding = 4; lastKnownFileType = sourcecode.swift; name = PlaylistTrackListViewModel.swift; path = "View Models/PlaylistTrackListViewModel.swift"; sourceTree = "<group>"; };
		9CA639E91F80152F001CD835 /* TrackTableViewCell.swift */ = {isa = PBXFileReference; fileEncoding = 4; lastKnownFileType = sourcecode.swift; name = TrackTableViewCell.swift; path = Views/Cells/TrackTableViewCell.swift; sourceTree = "<group>"; };
		9CA639EB1F801627001CD835 /* PlaylistViewController.swift */ = {isa = PBXFileReference; fileEncoding = 4; lastKnownFileType = sourcecode.swift; name = PlaylistViewController.swift; path = "BetTest/View Controllers/Playlist/PlaylistViewController.swift"; sourceTree = SOURCE_ROOT; };
		9CA639F01F80D3AA001CD835 /* URLImageFetcher.swift */ = {isa = PBXFileReference; fileEncoding = 4; lastKnownFileType = sourcecode.swift; name = URLImageFetcher.swift; path = Fetchers/URLImageFetcher.swift; sourceTree = "<group>"; };
		9CA639F31F80DD97001CD835 /* Constants.swift */ = {isa = PBXFileReference; fileEncoding = 4; lastKnownFileType = sourcecode.swift; name = Constants.swift; path = Constants/Constants.swift; sourceTree = "<group>"; };
		9CA639F61F80E001001CD835 /* FixedColumnsLayout.swift */ = {isa = PBXFileReference; fileEncoding = 4; lastKnownFileType = sourcecode.swift; name = FixedColumnsLayout.swift; path = "Views/Collection View Layouts/FixedColumnsLayout.swift"; sourceTree = "<group>"; };
		9CF28F4B1F7E371E0006A957 /* BetTest.app */ = {isa = PBXFileReference; explicitFileType = wrapper.application; includeInIndex = 0; path = BetTest.app; sourceTree = BUILT_PRODUCTS_DIR; };
		9CF28F4E1F7E371E0006A957 /* AppDelegate.swift */ = {isa = PBXFileReference; lastKnownFileType = sourcecode.swift; path = AppDelegate.swift; sourceTree = "<group>"; };
		9CF28F531F7E371E0006A957 /* Base */ = {isa = PBXFileReference; lastKnownFileType = file.storyboard; name = Base; path = Base.lproj/Main.storyboard; sourceTree = "<group>"; };
		9CF28F551F7E371E0006A957 /* Assets.xcassets */ = {isa = PBXFileReference; lastKnownFileType = folder.assetcatalog; path = Assets.xcassets; sourceTree = "<group>"; };
		9CF28F581F7E371E0006A957 /* Base */ = {isa = PBXFileReference; lastKnownFileType = file.storyboard; name = Base; path = Base.lproj/LaunchScreen.storyboard; sourceTree = "<group>"; };
		9CF28F5A1F7E371E0006A957 /* Info.plist */ = {isa = PBXFileReference; lastKnownFileType = text.plist.xml; path = Info.plist; sourceTree = "<group>"; };
		9CF28F5F1F7E371E0006A957 /* BetTestTests.xctest */ = {isa = PBXFileReference; explicitFileType = wrapper.cfbundle; includeInIndex = 0; path = BetTestTests.xctest; sourceTree = BUILT_PRODUCTS_DIR; };
		9CF28F771F7E42C20006A957 /* Info.plist */ = {isa = PBXFileReference; fileEncoding = 4; lastKnownFileType = text.plist.xml; name = Info.plist; path = BetTestTests/Resources/Info.plist; sourceTree = SOURCE_ROOT; };
		9CF28F7A1F7E42F90006A957 /* BetTestTests.swift */ = {isa = PBXFileReference; fileEncoding = 4; lastKnownFileType = sourcecode.swift; name = BetTestTests.swift; path = BetTestTests/Tests/BetTestTests.swift; sourceTree = SOURCE_ROOT; };
/* End PBXFileReference section */

/* Begin PBXFrameworksBuildPhase section */
		9CF28F481F7E371E0006A957 /* Frameworks */ = {
			isa = PBXFrameworksBuildPhase;
			buildActionMask = 2147483647;
			files = (
				9CA639DF1F7FE9AD001CD835 /* Reusable.framework in Frameworks */,
				9C99BEEA1F7FD1A700F0F7C6 /* SwiftyJSON.framework in Frameworks */,
				9C99BEE01F7FC3AD00F0F7C6 /* Alamofire.framework in Frameworks */,
				9C1B29301F7E7B4300B99850 /* RxBlocking.framework in Frameworks */,
				9C1B29311F7E7B4300B99850 /* RxCocoa.framework in Frameworks */,
				9C1B29321F7E7B4300B99850 /* RxSwift.framework in Frameworks */,
			);
			runOnlyForDeploymentPostprocessing = 0;
		};
		9CF28F5C1F7E371E0006A957 /* Frameworks */ = {
			isa = PBXFrameworksBuildPhase;
			buildActionMask = 2147483647;
			files = (
			);
			runOnlyForDeploymentPostprocessing = 0;
		};
/* End PBXFrameworksBuildPhase section */

/* Begin PBXGroup section */
		9C1B29181F7E690500B99850 /* SwiftGen */ = {
			isa = PBXGroup;
			children = (
				9C1B29231F7E6EDE00B99850 /* Localizable.swift */,
				9C1B291A1F7E6BC500B99850 /* Storyboards.swift */,
			);
			path = SwiftGen;
			sourceTree = "<group>";
		};
		9C1B29251F7E7AB400B99850 /* Frameworks */ = {
			isa = PBXGroup;
			children = (
				9CA639DE1F7FE9AD001CD835 /* Reusable.framework */,
				9C99BEE91F7FD1A700F0F7C6 /* SwiftyJSON.framework */,
				9C99BEDF1F7FC3AD00F0F7C6 /* Alamofire.framework */,
				9C1B292D1F7E7B4300B99850 /* RxBlocking.framework */,
				9C1B292E1F7E7B4300B99850 /* RxCocoa.framework */,
				9C1B292F1F7E7B4300B99850 /* RxSwift.framework */,
			);
			name = Frameworks;
			sourceTree = "<group>";
		};
		9C99BEE11F7FC42D00F0F7C6 /* Models */ = {
			isa = PBXGroup;
			children = (
				9C99BEE21F7FC46D00F0F7C6 /* UserPlaylistList.swift */,
				9CA639E51F801018001CD835 /* PlaylistTrackList.swift */,
			);
			name = Models;
			sourceTree = "<group>";
		};
		9C99BEE61F7FCC0900F0F7C6 /* Fetchers */ = {
			isa = PBXGroup;
			children = (
				9C99BEE71F7FCC3300F0F7C6 /* UserPlaylistsFetcher.swift */,
				9CA639E01F7FF839001CD835 /* PlaylistTrackListFetcher.swift */,
				9CA639F01F80D3AA001CD835 /* URLImageFetcher.swift */,
			);
			name = Fetchers;
			sourceTree = "<group>";
		};
		9C99BEEB1F7FDAD500F0F7C6 /* View Models */ = {
			isa = PBXGroup;
			children = (
				9C99BEEC1F7FDAF200F0F7C6 /* UserPlaylistsViewModel.swift */,
				9CA639E71F801262001CD835 /* PlaylistTrackListViewModel.swift */,
			);
			name = "View Models";
			sourceTree = "<group>";
		};
		9CA639DA1F7FE89A001CD835 /* Views */ = {
			isa = PBXGroup;
			children = (
				9CA639F51F80DFB7001CD835 /* Collection View Layouts */,
				9CA639DB1F7FE8A4001CD835 /* Cells */,
			);
			name = Views;
			sourceTree = "<group>";
		};
		9CA639DB1F7FE8A4001CD835 /* Cells */ = {
			isa = PBXGroup;
			children = (
				9CA639DC1F7FE8C7001CD835 /* PlaylistCollectionViewCell.swift */,
				9CA639E91F80152F001CD835 /* TrackTableViewCell.swift */,
			);
			name = Cells;
			sourceTree = "<group>";
		};
		9CA639ED1F80162D001CD835 /* Playlist */ = {
			isa = PBXGroup;
			children = (
				9CA639EB1F801627001CD835 /* PlaylistViewController.swift */,
			);
			name = Playlist;
			sourceTree = "<group>";
		};
		9CA639F21F80DD7E001CD835 /* Constants */ = {
			isa = PBXGroup;
			children = (
				9CA639F31F80DD97001CD835 /* Constants.swift */,
			);
			name = Constants;
			sourceTree = "<group>";
		};
		9CA639F51F80DFB7001CD835 /* Collection View Layouts */ = {
			isa = PBXGroup;
			children = (
				9CA639F61F80E001001CD835 /* FixedColumnsLayout.swift */,
			);
			name = "Collection View Layouts";
			sourceTree = "<group>";
		};
		9CF28F421F7E371E0006A957 = {
			isa = PBXGroup;
			children = (
				9CF28F4D1F7E371E0006A957 /* BetTest */,
				9CF28F621F7E371E0006A957 /* BetTestTests */,
				9CF28F4C1F7E371E0006A957 /* Products */,
				9C1B29251F7E7AB400B99850 /* Frameworks */,
			);
			sourceTree = "<group>";
		};
		9CF28F4C1F7E371E0006A957 /* Products */ = {
			isa = PBXGroup;
			children = (
				9CF28F4B1F7E371E0006A957 /* BetTest.app */,
				9CF28F5F1F7E371E0006A957 /* BetTestTests.xctest */,
			);
			name = Products;
			sourceTree = "<group>";
		};
		9CF28F4D1F7E371E0006A957 /* BetTest */ = {
			isa = PBXGroup;
			children = (
				9CF28F6E1F7E3FFE0006A957 /* View Controllers */,
				9C99BEE61F7FCC0900F0F7C6 /* Fetchers */,
				9C99BEE11F7FC42D00F0F7C6 /* Models */,
				9C99BEEB1F7FDAD500F0F7C6 /* View Models */,
				9CA639DA1F7FE89A001CD835 /* Views */,
				9CF28F6F1F7E40410006A957 /* App Delegate */,
				9CA639F21F80DD7E001CD835 /* Constants */,
				9C1B29181F7E690500B99850 /* SwiftGen */,
				9CF28F701F7E40560006A957 /* Storyboards */,
				9CF28F711F7E406D0006A957 /* Assets */,
				9CF28F721F7E40770006A957 /* Resources */,
			);
			path = BetTest;
			sourceTree = "<group>";
		};
		9CF28F621F7E371E0006A957 /* BetTestTests */ = {
			isa = PBXGroup;
			children = (
				9CF28F791F7E42DA0006A957 /* Tests */,
				9CF28F761F7E42630006A957 /* Resources */,
			);
			path = BetTestTests;
			sourceTree = "<group>";
		};
		9CF28F6E1F7E3FFE0006A957 /* View Controllers */ = {
			isa = PBXGroup;
			children = (
				9CF28F731F7E40FD0006A957 /* Playlist list */,
				9CA639ED1F80162D001CD835 /* Playlist */,
			);
			path = "View Controllers";
			sourceTree = "<group>";
		};
		9CF28F6F1F7E40410006A957 /* App Delegate */ = {
			isa = PBXGroup;
			children = (
				9CF28F4E1F7E371E0006A957 /* AppDelegate.swift */,
			);
			path = "App Delegate";
			sourceTree = "<group>";
		};
		9CF28F701F7E40560006A957 /* Storyboards */ = {
			isa = PBXGroup;
			children = (
				9CF28F521F7E371E0006A957 /* Main.storyboard */,
				9CF28F571F7E371E0006A957 /* LaunchScreen.storyboard */,
			);
			path = Storyboards;
			sourceTree = "<group>";
		};
		9CF28F711F7E406D0006A957 /* Assets */ = {
			isa = PBXGroup;
			children = (
				9CF28F551F7E371E0006A957 /* Assets.xcassets */,
				9C1B29201F7E6D5700B99850 /* Localizable.strings */,
			);
			path = Assets;
			sourceTree = "<group>";
		};
		9CF28F721F7E40770006A957 /* Resources */ = {
			isa = PBXGroup;
			children = (
				9CF28F5A1F7E371E0006A957 /* Info.plist */,
			);
			path = Resources;
			sourceTree = "<group>";
		};
		9CF28F731F7E40FD0006A957 /* Playlist list */ = {
			isa = PBXGroup;
			children = (
				9CA639D81F7FE820001CD835 /* PlaylistListViewController.swift */,
			);
			name = "Playlist list";
			path = Root;
			sourceTree = "<group>";
		};
		9CF28F761F7E42630006A957 /* Resources */ = {
			isa = PBXGroup;
			children = (
				9CF28F771F7E42C20006A957 /* Info.plist */,
			);
			name = Resources;
			sourceTree = "<group>";
		};
		9CF28F791F7E42DA0006A957 /* Tests */ = {
			isa = PBXGroup;
			children = (
				9CF28F7A1F7E42F90006A957 /* BetTestTests.swift */,
			);
			name = Tests;
			sourceTree = "<group>";
		};
/* End PBXGroup section */

/* Begin PBXNativeTarget section */
		9CF28F4A1F7E371E0006A957 /* BetTest */ = {
			isa = PBXNativeTarget;
			buildConfigurationList = 9CF28F681F7E371E0006A957 /* Build configuration list for PBXNativeTarget "BetTest" */;
			buildPhases = (
				9C1B29191F7E693600B99850 /* Swiftgen */,
				9C1B29171F7E67E400B99850 /* Swiftlint */,
				9CF28F471F7E371E0006A957 /* Sources */,
				9C1B292C1F7E7AC800B99850 /* Carthage */,
				9CF28F481F7E371E0006A957 /* Frameworks */,
				9CF28F491F7E371E0006A957 /* Resources */,
			);
			buildRules = (
			);
			dependencies = (
			);
			name = BetTest;
			productName = BetTest;
			productReference = 9CF28F4B1F7E371E0006A957 /* BetTest.app */;
			productType = "com.apple.product-type.application";
		};
		9CF28F5E1F7E371E0006A957 /* BetTestTests */ = {
			isa = PBXNativeTarget;
			buildConfigurationList = 9CF28F6B1F7E371E0006A957 /* Build configuration list for PBXNativeTarget "BetTestTests" */;
			buildPhases = (
				9CF28F5B1F7E371E0006A957 /* Sources */,
				9CF28F5C1F7E371E0006A957 /* Frameworks */,
				9CF28F5D1F7E371E0006A957 /* Resources */,
			);
			buildRules = (
			);
			dependencies = (
				9CF28F611F7E371E0006A957 /* PBXTargetDependency */,
			);
			name = BetTestTests;
			productName = BetTestTests;
			productReference = 9CF28F5F1F7E371E0006A957 /* BetTestTests.xctest */;
			productType = "com.apple.product-type.bundle.unit-test";
		};
/* End PBXNativeTarget section */

/* Begin PBXProject section */
		9CF28F431F7E371E0006A957 /* Project object */ = {
			isa = PBXProject;
			attributes = {
				LastSwiftUpdateCheck = 0900;
				LastUpgradeCheck = 0900;
				ORGANIZATIONNAME = "Maxime de Chalendar";
				TargetAttributes = {
					9CF28F4A1F7E371E0006A957 = {
						CreatedOnToolsVersion = 9.0;
						LastSwiftMigration = 0900;
						ProvisioningStyle = Automatic;
					};
					9CF28F5E1F7E371E0006A957 = {
						CreatedOnToolsVersion = 9.0;
						LastSwiftMigration = 0900;
						ProvisioningStyle = Automatic;
						TestTargetID = 9CF28F4A1F7E371E0006A957;
					};
				};
			};
			buildConfigurationList = 9CF28F461F7E371E0006A957 /* Build configuration list for PBXProject "BetTest" */;
			compatibilityVersion = "Xcode 8.0";
			developmentRegion = en;
			hasScannedForEncodings = 0;
			knownRegions = (
				en,
				Base,
				fr,
			);
			mainGroup = 9CF28F421F7E371E0006A957;
			productRefGroup = 9CF28F4C1F7E371E0006A957 /* Products */;
			projectDirPath = "";
			projectRoot = "";
			targets = (
				9CF28F4A1F7E371E0006A957 /* BetTest */,
				9CF28F5E1F7E371E0006A957 /* BetTestTests */,
			);
		};
/* End PBXProject section */

/* Begin PBXResourcesBuildPhase section */
		9CF28F491F7E371E0006A957 /* Resources */ = {
			isa = PBXResourcesBuildPhase;
			buildActionMask = 2147483647;
			files = (
				9CF28F591F7E371E0006A957 /* LaunchScreen.storyboard in Resources */,
				9C1B291E1F7E6D5700B99850 /* Localizable.strings in Resources */,
				9CF28F561F7E371E0006A957 /* Assets.xcassets in Resources */,
				9CF28F541F7E371E0006A957 /* Main.storyboard in Resources */,
			);
			runOnlyForDeploymentPostprocessing = 0;
		};
		9CF28F5D1F7E371E0006A957 /* Resources */ = {
			isa = PBXResourcesBuildPhase;
			buildActionMask = 2147483647;
			files = (
			);
			runOnlyForDeploymentPostprocessing = 0;
		};
/* End PBXResourcesBuildPhase section */

/* Begin PBXShellScriptBuildPhase section */
		9C1B29171F7E67E400B99850 /* Swiftlint */ = {
			isa = PBXShellScriptBuildPhase;
			buildActionMask = 2147483647;
			files = (
			);
			inputPaths = (
			);
			name = Swiftlint;
			outputPaths = (
			);
			runOnlyForDeploymentPostprocessing = 0;
			shellPath = /bin/sh;
			shellScript = "if which swiftlint >/dev/null; then\n    swiftlint --config ../.swiftlint.yml\nelse\n    echo \"warning: SwiftLint not installed, download from https://github.com/realm/SwiftLint\"\nfi";
		};
		9C1B29191F7E693600B99850 /* Swiftgen */ = {
			isa = PBXShellScriptBuildPhase;
			buildActionMask = 2147483647;
			files = (
			);
			inputPaths = (
			);
			name = Swiftgen;
			outputPaths = (
			);
			runOnlyForDeploymentPostprocessing = 0;
			shellPath = /bin/sh;
			shellScript = "if which swiftgen >/dev/null; then\n    swiftgen storyboards -t swift3 ./BetTest/Storyboards > ./BetTest/SwiftGen/Storyboards.swift\n    swiftgen strings -t structured-swift3 ./BetTest/Assets/Base.lproj/Localizable.strings > ./BetTest/SwiftGen/Localizable.swift\nelse\n    echo \"warning: SwiftGen not installed, download from https://github.com/SwiftGen/SwiftGen\"\nfi\n";
		};
		9C1B292C1F7E7AC800B99850 /* Carthage */ = {
			isa = PBXShellScriptBuildPhase;
			buildActionMask = 2147483647;
			files = (
			);
			inputPaths = (
				"$(SRCROOT)/Frameworks/RxBlocking.framework",
				"$(SRCROOT)/Frameworks/RxCocoa.framework",
				"$(SRCROOT)/Frameworks/RxSwift.framework",
				"$(SRCROOT)/Frameworks/Alamofire.framework",
				"$(SRCROOT)/Frameworks/SwiftyJSON.framework",
				"$(SRCROOT)/Frameworks/Reusable.framework",
			);
			name = Carthage;
			outputPaths = (
				"$(BUILT_PRODUCTS_DIR)/$(FRAMEWORKS_FOLDER_PATH)/RxBlocking.framework",
				"$(BUILT_PRODUCTS_DIR)/$(FRAMEWORKS_FOLDER_PATH)/RxCocoa.framework",
				"$(BUILT_PRODUCTS_DIR)/$(FRAMEWORKS_FOLDER_PATH)/RxSwift.framework",
				"$(BUILT_PRODUCTS_DIR)/$(FRAMEWORKS_FOLDER_PATH)/Alamofire.framework",
				"$(BUILT_PRODUCTS_DIR)/$(FRAMEWORKS_FOLDER_PATH)/SwiftyJSON.framework",
				"$(BUILT_PRODUCTS_DIR)/$(FRAMEWORKS_FOLDER_PATH)/Reusable.framework",
			);
			runOnlyForDeploymentPostprocessing = 0;
			shellPath = /bin/sh;
			shellScript = "carthage copy-frameworks";
		};
/* End PBXShellScriptBuildPhase section */

/* Begin PBXSourcesBuildPhase section */
		9CF28F471F7E371E0006A957 /* Sources */ = {
			isa = PBXSourcesBuildPhase;
			buildActionMask = 2147483647;
			files = (
				9CA639F71F80E001001CD835 /* FixedColumnsLayout.swift in Sources */,
				9CA639DD1F7FE8C7001CD835 /* PlaylistCollectionViewCell.swift in Sources */,
				9C99BEED1F7FDAF200F0F7C6 /* UserPlaylistsViewModel.swift in Sources */,
				9CA639D91F7FE820001CD835 /* PlaylistListViewController.swift in Sources */,
				9CA639E61F801018001CD835 /* PlaylistTrackList.swift in Sources */,
				9CA639EC1F801627001CD835 /* PlaylistViewController.swift in Sources */,
				9C1B291B1F7E6BC500B99850 /* Storyboards.swift in Sources */,
				9CA639E81F801262001CD835 /* PlaylistTrackListViewModel.swift in Sources */,
				9C99BEE31F7FC46D00F0F7C6 /* UserPlaylistList.swift in Sources */,
				9CA639F41F80DD97001CD835 /* Constants.swift in Sources */,
				9CA639F11F80D3AA001CD835 /* URLImageFetcher.swift in Sources */,
				9CA639EA1F80152F001CD835 /* TrackTableViewCell.swift in Sources */,
				9C1B29241F7E6EDE00B99850 /* Localizable.swift in Sources */,
				9C99BEE81F7FCC3300F0F7C6 /* UserPlaylistsFetcher.swift in Sources */,
				9CF28F4F1F7E371E0006A957 /* AppDelegate.swift in Sources */,
				9CA639E11F7FF839001CD835 /* PlaylistTrackListFetcher.swift in Sources */,
			);
			runOnlyForDeploymentPostprocessing = 0;
		};
		9CF28F5B1F7E371E0006A957 /* Sources */ = {
			isa = PBXSourcesBuildPhase;
			buildActionMask = 2147483647;
			files = (
				9CF28F7B1F7E42F90006A957 /* BetTestTests.swift in Sources */,
			);
			runOnlyForDeploymentPostprocessing = 0;
		};
/* End PBXSourcesBuildPhase section */

/* Begin PBXTargetDependency section */
		9CF28F611F7E371E0006A957 /* PBXTargetDependency */ = {
			isa = PBXTargetDependency;
			target = 9CF28F4A1F7E371E0006A957 /* BetTest */;
			targetProxy = 9CF28F601F7E371E0006A957 /* PBXContainerItemProxy */;
		};
/* End PBXTargetDependency section */

/* Begin PBXVariantGroup section */
		9C1B29201F7E6D5700B99850 /* Localizable.strings */ = {
			isa = PBXVariantGroup;
			children = (
				9C1B29211F7E6D6600B99850 /* fr */,
				9C1B29221F7E6E3100B99850 /* Base */,
			);
			name = Localizable.strings;
			sourceTree = "<group>";
		};
		9CF28F521F7E371E0006A957 /* Main.storyboard */ = {
			isa = PBXVariantGroup;
			children = (
				9CF28F531F7E371E0006A957 /* Base */,
			);
			name = Main.storyboard;
			sourceTree = "<group>";
		};
		9CF28F571F7E371E0006A957 /* LaunchScreen.storyboard */ = {
			isa = PBXVariantGroup;
			children = (
				9CF28F581F7E371E0006A957 /* Base */,
			);
			name = LaunchScreen.storyboard;
			sourceTree = "<group>";
		};
/* End PBXVariantGroup section */

/* Begin XCBuildConfiguration section */
		9CF28F661F7E371E0006A957 /* Debug */ = {
			isa = XCBuildConfiguration;
			buildSettings = {
				ALWAYS_SEARCH_USER_PATHS = NO;
				CLANG_ANALYZER_LOCALIZABILITY_NONLOCALIZED = YES;
				CLANG_ANALYZER_NONNULL = YES;
				CLANG_ANALYZER_NUMBER_OBJECT_CONVERSION = YES_AGGRESSIVE;
				CLANG_CXX_LANGUAGE_STANDARD = "gnu++14";
				CLANG_CXX_LIBRARY = "libc++";
				CLANG_ENABLE_MODULES = YES;
				CLANG_ENABLE_OBJC_ARC = YES;
				CLANG_WARN_BLOCK_CAPTURE_AUTORELEASING = YES;
				CLANG_WARN_BOOL_CONVERSION = YES;
				CLANG_WARN_COMMA = YES;
				CLANG_WARN_CONSTANT_CONVERSION = YES;
				CLANG_WARN_DIRECT_OBJC_ISA_USAGE = YES_ERROR;
				CLANG_WARN_DOCUMENTATION_COMMENTS = YES;
				CLANG_WARN_EMPTY_BODY = YES;
				CLANG_WARN_ENUM_CONVERSION = YES;
				CLANG_WARN_INFINITE_RECURSION = YES;
				CLANG_WARN_INT_CONVERSION = YES;
				CLANG_WARN_NON_LITERAL_NULL_CONVERSION = YES;
				CLANG_WARN_OBJC_LITERAL_CONVERSION = YES;
				CLANG_WARN_OBJC_ROOT_CLASS = YES_ERROR;
				CLANG_WARN_RANGE_LOOP_ANALYSIS = YES;
				CLANG_WARN_STRICT_PROTOTYPES = YES;
				CLANG_WARN_SUSPICIOUS_MOVE = YES;
				CLANG_WARN_UNGUARDED_AVAILABILITY = YES_AGGRESSIVE;
				CLANG_WARN_UNREACHABLE_CODE = YES;
				CLANG_WARN__DUPLICATE_METHOD_MATCH = YES;
				CODE_SIGN_IDENTITY = "iPhone Developer";
				COPY_PHASE_STRIP = NO;
				DEBUG_INFORMATION_FORMAT = dwarf;
				ENABLE_STRICT_OBJC_MSGSEND = YES;
				ENABLE_TESTABILITY = YES;
				GCC_C_LANGUAGE_STANDARD = gnu11;
				GCC_DYNAMIC_NO_PIC = NO;
				GCC_NO_COMMON_BLOCKS = YES;
				GCC_OPTIMIZATION_LEVEL = 0;
				GCC_PREPROCESSOR_DEFINITIONS = (
					"DEBUG=1",
					"$(inherited)",
				);
				GCC_WARN_64_TO_32_BIT_CONVERSION = YES;
				GCC_WARN_ABOUT_RETURN_TYPE = YES_ERROR;
				GCC_WARN_UNDECLARED_SELECTOR = YES;
				GCC_WARN_UNINITIALIZED_AUTOS = YES_AGGRESSIVE;
				GCC_WARN_UNUSED_FUNCTION = YES;
				GCC_WARN_UNUSED_VARIABLE = YES;
				IPHONEOS_DEPLOYMENT_TARGET = 10.0;
				MTL_ENABLE_DEBUG_INFO = YES;
				ONLY_ACTIVE_ARCH = YES;
				SDKROOT = iphoneos;
				SWIFT_ACTIVE_COMPILATION_CONDITIONS = DEBUG;
				SWIFT_OPTIMIZATION_LEVEL = "-Onone";
				SWIFT_VERSION = 3.0;
			};
			name = Debug;
		};
		9CF28F671F7E371E0006A957 /* Release */ = {
			isa = XCBuildConfiguration;
			buildSettings = {
				ALWAYS_SEARCH_USER_PATHS = NO;
				CLANG_ANALYZER_LOCALIZABILITY_NONLOCALIZED = YES;
				CLANG_ANALYZER_NONNULL = YES;
				CLANG_ANALYZER_NUMBER_OBJECT_CONVERSION = YES_AGGRESSIVE;
				CLANG_CXX_LANGUAGE_STANDARD = "gnu++14";
				CLANG_CXX_LIBRARY = "libc++";
				CLANG_ENABLE_MODULES = YES;
				CLANG_ENABLE_OBJC_ARC = YES;
				CLANG_WARN_BLOCK_CAPTURE_AUTORELEASING = YES;
				CLANG_WARN_BOOL_CONVERSION = YES;
				CLANG_WARN_COMMA = YES;
				CLANG_WARN_CONSTANT_CONVERSION = YES;
				CLANG_WARN_DIRECT_OBJC_ISA_USAGE = YES_ERROR;
				CLANG_WARN_DOCUMENTATION_COMMENTS = YES;
				CLANG_WARN_EMPTY_BODY = YES;
				CLANG_WARN_ENUM_CONVERSION = YES;
				CLANG_WARN_INFINITE_RECURSION = YES;
				CLANG_WARN_INT_CONVERSION = YES;
				CLANG_WARN_NON_LITERAL_NULL_CONVERSION = YES;
				CLANG_WARN_OBJC_LITERAL_CONVERSION = YES;
				CLANG_WARN_OBJC_ROOT_CLASS = YES_ERROR;
				CLANG_WARN_RANGE_LOOP_ANALYSIS = YES;
				CLANG_WARN_STRICT_PROTOTYPES = YES;
				CLANG_WARN_SUSPICIOUS_MOVE = YES;
				CLANG_WARN_UNGUARDED_AVAILABILITY = YES_AGGRESSIVE;
				CLANG_WARN_UNREACHABLE_CODE = YES;
				CLANG_WARN__DUPLICATE_METHOD_MATCH = YES;
				CODE_SIGN_IDENTITY = "iPhone Developer";
				COPY_PHASE_STRIP = NO;
				DEBUG_INFORMATION_FORMAT = "dwarf-with-dsym";
				ENABLE_NS_ASSERTIONS = NO;
				ENABLE_STRICT_OBJC_MSGSEND = YES;
				GCC_C_LANGUAGE_STANDARD = gnu11;
				GCC_NO_COMMON_BLOCKS = YES;
				GCC_WARN_64_TO_32_BIT_CONVERSION = YES;
				GCC_WARN_ABOUT_RETURN_TYPE = YES_ERROR;
				GCC_WARN_UNDECLARED_SELECTOR = YES;
				GCC_WARN_UNINITIALIZED_AUTOS = YES_AGGRESSIVE;
				GCC_WARN_UNUSED_FUNCTION = YES;
				GCC_WARN_UNUSED_VARIABLE = YES;
				IPHONEOS_DEPLOYMENT_TARGET = 10.0;
				MTL_ENABLE_DEBUG_INFO = NO;
				SDKROOT = iphoneos;
				SWIFT_OPTIMIZATION_LEVEL = "-Owholemodule";
				SWIFT_VERSION = 3.0;
				VALIDATE_PRODUCT = YES;
			};
			name = Release;
		};
		9CF28F691F7E371E0006A957 /* Debug */ = {
			isa = XCBuildConfiguration;
			buildSettings = {
				ASSETCATALOG_COMPILER_APPICON_NAME = AppIcon;
				CODE_SIGN_STYLE = Automatic;
				DEVELOPMENT_TEAM = 2UE6WRCAHK;
				FRAMEWORK_SEARCH_PATHS = (
					"$(inherited)",
					"$(PROJECT_DIR)/Frameworks",
				);
				INFOPLIST_FILE = "$(SRCROOT)/BetTest/Resources/Info.plist";
				LD_RUNPATH_SEARCH_PATHS = "$(inherited) @executable_path/Frameworks";
				PRODUCT_BUNDLE_IDENTIFIER = "com.maxime-dechalendar.BetTest";
				PRODUCT_NAME = "$(TARGET_NAME)";
				TARGETED_DEVICE_FAMILY = "1,2";
			};
			name = Debug;
		};
		9CF28F6A1F7E371E0006A957 /* Release */ = {
			isa = XCBuildConfiguration;
			buildSettings = {
				ASSETCATALOG_COMPILER_APPICON_NAME = AppIcon;
				CODE_SIGN_STYLE = Automatic;
				DEVELOPMENT_TEAM = 2UE6WRCAHK;
				FRAMEWORK_SEARCH_PATHS = (
					"$(inherited)",
					"$(PROJECT_DIR)/Frameworks",
				);
				INFOPLIST_FILE = "$(SRCROOT)/BetTest/Resources/Info.plist";
				LD_RUNPATH_SEARCH_PATHS = "$(inherited) @executable_path/Frameworks";
				PRODUCT_BUNDLE_IDENTIFIER = "com.maxime-dechalendar.BetTest";
				PRODUCT_NAME = "$(TARGET_NAME)";
				TARGETED_DEVICE_FAMILY = "1,2";
			};
			name = Release;
		};
		9CF28F6C1F7E371E0006A957 /* Debug */ = {
			isa = XCBuildConfiguration;
			buildSettings = {
				ALWAYS_EMBED_SWIFT_STANDARD_LIBRARIES = YES;
				BUNDLE_LOADER = "$(TEST_HOST)";
				CLANG_ENABLE_MODULES = YES;
				CODE_SIGN_STYLE = Automatic;
				INFOPLIST_FILE = BetTestTests/Resources/Info.plist;
				LD_RUNPATH_SEARCH_PATHS = "$(inherited) @executable_path/Frameworks @loader_path/Frameworks";
				PRODUCT_BUNDLE_IDENTIFIER = "com.maxime-dechalendar.BetTestTests";
				PRODUCT_NAME = "$(TARGET_NAME)";
				SWIFT_OPTIMIZATION_LEVEL = "-Onone";
				TARGETED_DEVICE_FAMILY = "1,2";
				TEST_HOST = "$(BUILT_PRODUCTS_DIR)/BetTest.app/BetTest";
			};
			name = Debug;
		};
		9CF28F6D1F7E371E0006A957 /* Release */ = {
			isa = XCBuildConfiguration;
			buildSettings = {
				ALWAYS_EMBED_SWIFT_STANDARD_LIBRARIES = YES;
				BUNDLE_LOADER = "$(TEST_HOST)";
				CLANG_ENABLE_MODULES = YES;
				CODE_SIGN_STYLE = Automatic;
				INFOPLIST_FILE = BetTestTests/Resources/Info.plist;
				LD_RUNPATH_SEARCH_PATHS = "$(inherited) @executable_path/Frameworks @loader_path/Frameworks";
				PRODUCT_BUNDLE_IDENTIFIER = "com.maxime-dechalendar.BetTestTests";
				PRODUCT_NAME = "$(TARGET_NAME)";
				TARGETED_DEVICE_FAMILY = "1,2";
				TEST_HOST = "$(BUILT_PRODUCTS_DIR)/BetTest.app/BetTest";
			};
			name = Release;
		};
/* End XCBuildConfiguration section */

/* Begin XCConfigurationList section */
		9CF28F461F7E371E0006A957 /* Build configuration list for PBXProject "BetTest" */ = {
			isa = XCConfigurationList;
			buildConfigurations = (
				9CF28F661F7E371E0006A957 /* Debug */,
				9CF28F671F7E371E0006A957 /* Release */,
			);
			defaultConfigurationIsVisible = 0;
			defaultConfigurationName = Release;
		};
		9CF28F681F7E371E0006A957 /* Build configuration list for PBXNativeTarget "BetTest" */ = {
			isa = XCConfigurationList;
			buildConfigurations = (
				9CF28F691F7E371E0006A957 /* Debug */,
				9CF28F6A1F7E371E0006A957 /* Release */,
			);
			defaultConfigurationIsVisible = 0;
			defaultConfigurationName = Release;
		};
		9CF28F6B1F7E371E0006A957 /* Build configuration list for PBXNativeTarget "BetTestTests" */ = {
			isa = XCConfigurationList;
			buildConfigurations = (
				9CF28F6C1F7E371E0006A957 /* Debug */,
				9CF28F6D1F7E371E0006A957 /* Release */,
			);
			defaultConfigurationIsVisible = 0;
			defaultConfigurationName = Release;
		};
/* End XCConfigurationList section */
	};
	rootObject = 9CF28F431F7E371E0006A957 /* Project object */;
}
